// !$*UTF8*$!
{
	archiveVersion = 1;
	classes = {
	};
	objectVersion = 46;
	objects = {

/* Begin PBXBuildFile section */
		189BAD601ECEABD900620F0C /* AppDelegate.swift in Sources */ = {isa = PBXBuildFile; fileRef = 189BAD5F1ECEABD900620F0C /* AppDelegate.swift */; };
		189BAD621ECEABD900620F0C /* ViewController.swift in Sources */ = {isa = PBXBuildFile; fileRef = 189BAD611ECEABD900620F0C /* ViewController.swift */; };
		189BAD651ECEABD900620F0C /* Main.storyboard in Resources */ = {isa = PBXBuildFile; fileRef = 189BAD631ECEABD900620F0C /* Main.storyboard */; };
		189BAD671ECEABD900620F0C /* Assets.xcassets in Resources */ = {isa = PBXBuildFile; fileRef = 189BAD661ECEABD900620F0C /* Assets.xcassets */; };
		189BAD6A1ECEABD900620F0C /* LaunchScreen.storyboard in Resources */ = {isa = PBXBuildFile; fileRef = 189BAD681ECEABD900620F0C /* LaunchScreen.storyboard */; };
		189BAD751ECEABD900620F0C /* FireBaseRemoteTests.swift in Sources */ = {isa = PBXBuildFile; fileRef = 189BAD741ECEABD900620F0C /* FireBaseRemoteTests.swift */; };
		189BAD801ECEABD900620F0C /* FireBaseRemoteUITests.swift in Sources */ = {isa = PBXBuildFile; fileRef = 189BAD7F1ECEABD900620F0C /* FireBaseRemoteUITests.swift */; };
		189BAD8E1ECEAD2A00620F0C /* GoogleService-Info.plist in Resources */ = {isa = PBXBuildFile; fileRef = 189BAD8D1ECEAD2A00620F0C /* GoogleService-Info.plist */; };
		189BAD901ECECF4700620F0C /* RCValues .swift in Sources */ = {isa = PBXBuildFile; fileRef = 189BAD8F1ECECF4700620F0C /* RCValues .swift */; };
		189BAD921ECEE4E600620F0C /* RemoteConfigDefaults.plist in Resources */ = {isa = PBXBuildFile; fileRef = 189BAD911ECEE4E600620F0C /* RemoteConfigDefaults.plist */; };
		2ED078A3B6E886A9B8704EAF /* Pods_FireBaseRemote.framework in Frameworks */ = {isa = PBXBuildFile; fileRef = C63DFC7EE19F86BC7C65A231 /* Pods_FireBaseRemote.framework */; };
		DF0531C217EF4408B2DCFAA8 /* Pods_FireBaseRemoteTests.framework in Frameworks */ = {isa = PBXBuildFile; fileRef = B283F4C3FB4DD2156A273C63 /* Pods_FireBaseRemoteTests.framework */; };
		DF927C3E4471C4BF3ECEA653 /* Pods_FireBaseRemoteUITests.framework in Frameworks */ = {isa = PBXBuildFile; fileRef = B21DB90FC7C8E782F634FA60 /* Pods_FireBaseRemoteUITests.framework */; };
/* End PBXBuildFile section */

/* Begin PBXContainerItemProxy section */
		189BAD711ECEABD900620F0C /* PBXContainerItemProxy */ = {
			isa = PBXContainerItemProxy;
			containerPortal = 189BAD541ECEABD900620F0C /* Project object */;
			proxyType = 1;
			remoteGlobalIDString = 189BAD5B1ECEABD900620F0C;
			remoteInfo = FireBaseRemote;
		};
		189BAD7C1ECEABD900620F0C /* PBXContainerItemProxy */ = {
			isa = PBXContainerItemProxy;
			containerPortal = 189BAD541ECEABD900620F0C /* Project object */;
			proxyType = 1;
			remoteGlobalIDString = 189BAD5B1ECEABD900620F0C;
			remoteInfo = FireBaseRemote;
		};
/* End PBXContainerItemProxy section */

/* Begin PBXFileReference section */
		090B7BD0B89ADC016BD93C2E /* Pods-FireBaseRemoteTests.debug.xcconfig */ = {isa = PBXFileReference; includeInIndex = 1; lastKnownFileType = text.xcconfig; name = "Pods-FireBaseRemoteTests.debug.xcconfig"; path = "Pods/Target Support Files/Pods-FireBaseRemoteTests/Pods-FireBaseRemoteTests.debug.xcconfig"; sourceTree = "<group>"; };
		189BAD5C1ECEABD900620F0C /* FireBaseRemote.app */ = {isa = PBXFileReference; explicitFileType = wrapper.application; includeInIndex = 0; path = FireBaseRemote.app; sourceTree = BUILT_PRODUCTS_DIR; };
		189BAD5F1ECEABD900620F0C /* AppDelegate.swift */ = {isa = PBXFileReference; lastKnownFileType = sourcecode.swift; path = AppDelegate.swift; sourceTree = "<group>"; };
		189BAD611ECEABD900620F0C /* ViewController.swift */ = {isa = PBXFileReference; lastKnownFileType = sourcecode.swift; path = ViewController.swift; sourceTree = "<group>"; };
		189BAD641ECEABD900620F0C /* Base */ = {isa = PBXFileReference; lastKnownFileType = file.storyboard; name = Base; path = Base.lproj/Main.storyboard; sourceTree = "<group>"; };
		189BAD661ECEABD900620F0C /* Assets.xcassets */ = {isa = PBXFileReference; lastKnownFileType = folder.assetcatalog; path = Assets.xcassets; sourceTree = "<group>"; };
		189BAD691ECEABD900620F0C /* Base */ = {isa = PBXFileReference; lastKnownFileType = file.storyboard; name = Base; path = Base.lproj/LaunchScreen.storyboard; sourceTree = "<group>"; };
		189BAD6B1ECEABD900620F0C /* Info.plist */ = {isa = PBXFileReference; lastKnownFileType = text.plist.xml; path = Info.plist; sourceTree = "<group>"; };
		189BAD701ECEABD900620F0C /* FireBaseRemoteTests.xctest */ = {isa = PBXFileReference; explicitFileType = wrapper.cfbundle; includeInIndex = 0; path = FireBaseRemoteTests.xctest; sourceTree = BUILT_PRODUCTS_DIR; };
		189BAD741ECEABD900620F0C /* FireBaseRemoteTests.swift */ = {isa = PBXFileReference; lastKnownFileType = sourcecode.swift; path = FireBaseRemoteTests.swift; sourceTree = "<group>"; };
		189BAD761ECEABD900620F0C /* Info.plist */ = {isa = PBXFileReference; lastKnownFileType = text.plist.xml; path = Info.plist; sourceTree = "<group>"; };
		189BAD7B1ECEABD900620F0C /* FireBaseRemoteUITests.xctest */ = {isa = PBXFileReference; explicitFileType = wrapper.cfbundle; includeInIndex = 0; path = FireBaseRemoteUITests.xctest; sourceTree = BUILT_PRODUCTS_DIR; };
		189BAD7F1ECEABD900620F0C /* FireBaseRemoteUITests.swift */ = {isa = PBXFileReference; lastKnownFileType = sourcecode.swift; path = FireBaseRemoteUITests.swift; sourceTree = "<group>"; };
		189BAD811ECEABD900620F0C /* Info.plist */ = {isa = PBXFileReference; lastKnownFileType = text.plist.xml; path = Info.plist; sourceTree = "<group>"; };
		189BAD8D1ECEAD2A00620F0C /* GoogleService-Info.plist */ = {isa = PBXFileReference; fileEncoding = 4; lastKnownFileType = text.plist.xml; path = "GoogleService-Info.plist"; sourceTree = "<group>"; };
		189BAD8F1ECECF4700620F0C /* RCValues .swift */ = {isa = PBXFileReference; fileEncoding = 4; lastKnownFileType = sourcecode.swift; name = "RCValues .swift"; path = "../RCValues .swift"; sourceTree = "<group>"; };
		189BAD911ECEE4E600620F0C /* RemoteConfigDefaults.plist */ = {isa = PBXFileReference; fileEncoding = 4; lastKnownFileType = text.plist.xml; path = RemoteConfigDefaults.plist; sourceTree = "<group>"; };
		3653F61FD5CAD2CD97A227B4 /* Pods-FireBaseRemoteUITests.release.xcconfig */ = {isa = PBXFileReference; includeInIndex = 1; lastKnownFileType = text.xcconfig; name = "Pods-FireBaseRemoteUITests.release.xcconfig"; path = "Pods/Target Support Files/Pods-FireBaseRemoteUITests/Pods-FireBaseRemoteUITests.release.xcconfig"; sourceTree = "<group>"; };
		4B435EB38790E68E38057DCD /* Pods-FireBaseRemote.debug.xcconfig */ = {isa = PBXFileReference; includeInIndex = 1; lastKnownFileType = text.xcconfig; name = "Pods-FireBaseRemote.debug.xcconfig"; path = "Pods/Target Support Files/Pods-FireBaseRemote/Pods-FireBaseRemote.debug.xcconfig"; sourceTree = "<group>"; };
		9FA110D3C7DC6E6AB3DD55DA /* Pods-FireBaseRemoteUITests.debug.xcconfig */ = {isa = PBXFileReference; includeInIndex = 1; lastKnownFileType = text.xcconfig; name = "Pods-FireBaseRemoteUITests.debug.xcconfig"; path = "Pods/Target Support Files/Pods-FireBaseRemoteUITests/Pods-FireBaseRemoteUITests.debug.xcconfig"; sourceTree = "<group>"; };
		B21DB90FC7C8E782F634FA60 /* Pods_FireBaseRemoteUITests.framework */ = {isa = PBXFileReference; explicitFileType = wrapper.framework; includeInIndex = 0; path = Pods_FireBaseRemoteUITests.framework; sourceTree = BUILT_PRODUCTS_DIR; };
		B283F4C3FB4DD2156A273C63 /* Pods_FireBaseRemoteTests.framework */ = {isa = PBXFileReference; explicitFileType = wrapper.framework; includeInIndex = 0; path = Pods_FireBaseRemoteTests.framework; sourceTree = BUILT_PRODUCTS_DIR; };
		B94188F0E7AC4824E8E8C676 /* Pods-FireBaseRemote.release.xcconfig */ = {isa = PBXFileReference; includeInIndex = 1; lastKnownFileType = text.xcconfig; name = "Pods-FireBaseRemote.release.xcconfig"; path = "Pods/Target Support Files/Pods-FireBaseRemote/Pods-FireBaseRemote.release.xcconfig"; sourceTree = "<group>"; };
		C63DFC7EE19F86BC7C65A231 /* Pods_FireBaseRemote.framework */ = {isa = PBXFileReference; explicitFileType = wrapper.framework; includeInIndex = 0; path = Pods_FireBaseRemote.framework; sourceTree = BUILT_PRODUCTS_DIR; };
		E9D04BFD84937B00A1F05035 /* Pods-FireBaseRemoteTests.release.xcconfig */ = {isa = PBXFileReference; includeInIndex = 1; lastKnownFileType = text.xcconfig; name = "Pods-FireBaseRemoteTests.release.xcconfig"; path = "Pods/Target Support Files/Pods-FireBaseRemoteTests/Pods-FireBaseRemoteTests.release.xcconfig"; sourceTree = "<group>"; };
/* End PBXFileReference section */

/* Begin PBXFrameworksBuildPhase section */
		189BAD591ECEABD900620F0C /* Frameworks */ = {
			isa = PBXFrameworksBuildPhase;
			buildActionMask = 2147483647;
			files = (
				2ED078A3B6E886A9B8704EAF /* Pods_FireBaseRemote.framework in Frameworks */,
			);
			runOnlyForDeploymentPostprocessing = 0;
		};
		189BAD6D1ECEABD900620F0C /* Frameworks */ = {
			isa = PBXFrameworksBuildPhase;
			buildActionMask = 2147483647;
			files = (
				DF0531C217EF4408B2DCFAA8 /* Pods_FireBaseRemoteTests.framework in Frameworks */,
			);
			runOnlyForDeploymentPostprocessing = 0;
		};
		189BAD781ECEABD900620F0C /* Frameworks */ = {
			isa = PBXFrameworksBuildPhase;
			buildActionMask = 2147483647;
			files = (
				DF927C3E4471C4BF3ECEA653 /* Pods_FireBaseRemoteUITests.framework in Frameworks */,
			);
			runOnlyForDeploymentPostprocessing = 0;
		};
/* End PBXFrameworksBuildPhase section */

/* Begin PBXGroup section */
		189BAD531ECEABD900620F0C = {
			isa = PBXGroup;
			children = (
				189BAD5E1ECEABD900620F0C /* FireBaseRemote */,
				189BAD731ECEABD900620F0C /* FireBaseRemoteTests */,
				189BAD7E1ECEABD900620F0C /* FireBaseRemoteUITests */,
				189BAD5D1ECEABD900620F0C /* Products */,
				9CEAABFDDD76D45AF51CA184 /* Pods */,
				C68ECE094E88E7C71CCE19A7 /* Frameworks */,
			);
			sourceTree = "<group>";
		};
		189BAD5D1ECEABD900620F0C /* Products */ = {
			isa = PBXGroup;
			children = (
				189BAD5C1ECEABD900620F0C /* FireBaseRemote.app */,
				189BAD701ECEABD900620F0C /* FireBaseRemoteTests.xctest */,
				189BAD7B1ECEABD900620F0C /* FireBaseRemoteUITests.xctest */,
			);
			name = Products;
			sourceTree = "<group>";
		};
		189BAD5E1ECEABD900620F0C /* FireBaseRemote */ = {
			isa = PBXGroup;
			children = (
				189BAD8F1ECECF4700620F0C /* RCValues .swift */,
				189BAD5F1ECEABD900620F0C /* AppDelegate.swift */,
				189BAD611ECEABD900620F0C /* ViewController.swift */,
				189BAD631ECEABD900620F0C /* Main.storyboard */,
				189BAD661ECEABD900620F0C /* Assets.xcassets */,
				189BAD681ECEABD900620F0C /* LaunchScreen.storyboard */,
				189BAD6B1ECEABD900620F0C /* Info.plist */,
				189BAD8D1ECEAD2A00620F0C /* GoogleService-Info.plist */,
				189BAD911ECEE4E600620F0C /* RemoteConfigDefaults.plist */,
			);
			path = FireBaseRemote;
			sourceTree = "<group>";
		};
		189BAD731ECEABD900620F0C /* FireBaseRemoteTests */ = {
			isa = PBXGroup;
			children = (
				189BAD741ECEABD900620F0C /* FireBaseRemoteTests.swift */,
				189BAD761ECEABD900620F0C /* Info.plist */,
			);
			path = FireBaseRemoteTests;
			sourceTree = "<group>";
		};
		189BAD7E1ECEABD900620F0C /* FireBaseRemoteUITests */ = {
			isa = PBXGroup;
			children = (
				189BAD7F1ECEABD900620F0C /* FireBaseRemoteUITests.swift */,
				189BAD811ECEABD900620F0C /* Info.plist */,
			);
			path = FireBaseRemoteUITests;
			sourceTree = "<group>";
		};
		9CEAABFDDD76D45AF51CA184 /* Pods */ = {
			isa = PBXGroup;
			children = (
				4B435EB38790E68E38057DCD /* Pods-FireBaseRemote.debug.xcconfig */,
				B94188F0E7AC4824E8E8C676 /* Pods-FireBaseRemote.release.xcconfig */,
				090B7BD0B89ADC016BD93C2E /* Pods-FireBaseRemoteTests.debug.xcconfig */,
				E9D04BFD84937B00A1F05035 /* Pods-FireBaseRemoteTests.release.xcconfig */,
				9FA110D3C7DC6E6AB3DD55DA /* Pods-FireBaseRemoteUITests.debug.xcconfig */,
				3653F61FD5CAD2CD97A227B4 /* Pods-FireBaseRemoteUITests.release.xcconfig */,
			);
			name = Pods;
			sourceTree = "<group>";
		};
		C68ECE094E88E7C71CCE19A7 /* Frameworks */ = {
			isa = PBXGroup;
			children = (
				C63DFC7EE19F86BC7C65A231 /* Pods_FireBaseRemote.framework */,
				B283F4C3FB4DD2156A273C63 /* Pods_FireBaseRemoteTests.framework */,
				B21DB90FC7C8E782F634FA60 /* Pods_FireBaseRemoteUITests.framework */,
			);
			name = Frameworks;
			sourceTree = "<group>";
		};
/* End PBXGroup section */

/* Begin PBXNativeTarget section */
		189BAD5B1ECEABD900620F0C /* FireBaseRemote */ = {
			isa = PBXNativeTarget;
			buildConfigurationList = 189BAD841ECEABD900620F0C /* Build configuration list for PBXNativeTarget "FireBaseRemote" */;
			buildPhases = (
				25C37DCDE2973AB5CFE788FA /* [CP] Check Pods Manifest.lock */,
				189BAD581ECEABD900620F0C /* Sources */,
				189BAD591ECEABD900620F0C /* Frameworks */,
				189BAD5A1ECEABD900620F0C /* Resources */,
				DD5939AC40DD3FA4BC934069 /* [CP] Embed Pods Frameworks */,
				12872FB58C9160842059125B /* [CP] Copy Pods Resources */,
			);
			buildRules = (
			);
			dependencies = (
			);
			name = FireBaseRemote;
			productName = FireBaseRemote;
			productReference = 189BAD5C1ECEABD900620F0C /* FireBaseRemote.app */;
			productType = "com.apple.product-type.application";
		};
		189BAD6F1ECEABD900620F0C /* FireBaseRemoteTests */ = {
			isa = PBXNativeTarget;
			buildConfigurationList = 189BAD871ECEABD900620F0C /* Build configuration list for PBXNativeTarget "FireBaseRemoteTests" */;
			buildPhases = (
				98945D53C75008A5F520E5F8 /* [CP] Check Pods Manifest.lock */,
				189BAD6C1ECEABD900620F0C /* Sources */,
				189BAD6D1ECEABD900620F0C /* Frameworks */,
				189BAD6E1ECEABD900620F0C /* Resources */,
				6140493D8E76BBC9A8F030E9 /* [CP] Embed Pods Frameworks */,
				F43DD43CA72A069C955B811C /* [CP] Copy Pods Resources */,
			);
			buildRules = (
			);
			dependencies = (
				189BAD721ECEABD900620F0C /* PBXTargetDependency */,
			);
			name = FireBaseRemoteTests;
			productName = FireBaseRemoteTests;
			productReference = 189BAD701ECEABD900620F0C /* FireBaseRemoteTests.xctest */;
			productType = "com.apple.product-type.bundle.unit-test";
		};
		189BAD7A1ECEABD900620F0C /* FireBaseRemoteUITests */ = {
			isa = PBXNativeTarget;
			buildConfigurationList = 189BAD8A1ECEABD900620F0C /* Build configuration list for PBXNativeTarget "FireBaseRemoteUITests" */;
			buildPhases = (
				9BDFCAA7AF2A381FBA33DE0C /* [CP] Check Pods Manifest.lock */,
				189BAD771ECEABD900620F0C /* Sources */,
				189BAD781ECEABD900620F0C /* Frameworks */,
				189BAD791ECEABD900620F0C /* Resources */,
				A5E41E5D8AE6E6F72D97759F /* [CP] Copy Pods Resources */,
			);
			buildRules = (
			);
			dependencies = (
				189BAD7D1ECEABD900620F0C /* PBXTargetDependency */,
			);
			name = FireBaseRemoteUITests;
			productName = FireBaseRemoteUITests;
			productReference = 189BAD7B1ECEABD900620F0C /* FireBaseRemoteUITests.xctest */;
			productType = "com.apple.product-type.bundle.ui-testing";
		};
/* End PBXNativeTarget section */

/* Begin PBXProject section */
		189BAD541ECEABD900620F0C /* Project object */ = {
			isa = PBXProject;
			attributes = {
				LastSwiftUpdateCheck = 0830;
				LastUpgradeCheck = 0830;
				ORGANIZATIONNAME = "Siwaporn Dee";
				TargetAttributes = {
					189BAD5B1ECEABD900620F0C = {
						CreatedOnToolsVersion = 8.3.2;
						DevelopmentTeam = 6F43475LVW;
						ProvisioningStyle = Automatic;
						SystemCapabilities = {
							com.apple.BackgroundModes = {
								enabled = 0;
							};
						};
					};
					189BAD6F1ECEABD900620F0C = {
						CreatedOnToolsVersion = 8.3.2;
						DevelopmentTeam = URHSD5QZUA;
						ProvisioningStyle = Automatic;
						TestTargetID = 189BAD5B1ECEABD900620F0C;
					};
					189BAD7A1ECEABD900620F0C = {
						CreatedOnToolsVersion = 8.3.2;
						DevelopmentTeam = URHSD5QZUA;
						ProvisioningStyle = Automatic;
						TestTargetID = 189BAD5B1ECEABD900620F0C;
					};
				};
			};
			buildConfigurationList = 189BAD571ECEABD900620F0C /* Build configuration list for PBXProject "FireBaseRemote" */;
			compatibilityVersion = "Xcode 3.2";
			developmentRegion = English;
			hasScannedForEncodings = 0;
			knownRegions = (
				en,
				Base,
			);
			mainGroup = 189BAD531ECEABD900620F0C;
			productRefGroup = 189BAD5D1ECEABD900620F0C /* Products */;
			projectDirPath = "";
			projectRoot = "";
			targets = (
				189BAD5B1ECEABD900620F0C /* FireBaseRemote */,
				189BAD6F1ECEABD900620F0C /* FireBaseRemoteTests */,
				189BAD7A1ECEABD900620F0C /* FireBaseRemoteUITests */,
			);
		};
/* End PBXProject section */

/* Begin PBXResourcesBuildPhase section */
		189BAD5A1ECEABD900620F0C /* Resources */ = {
			isa = PBXResourcesBuildPhase;
			buildActionMask = 2147483647;
			files = (
				189BAD6A1ECEABD900620F0C /* LaunchScreen.storyboard in Resources */,
				189BAD921ECEE4E600620F0C /* RemoteConfigDefaults.plist in Resources */,
				189BAD8E1ECEAD2A00620F0C /* GoogleService-Info.plist in Resources */,
				189BAD671ECEABD900620F0C /* Assets.xcassets in Resources */,
				189BAD651ECEABD900620F0C /* Main.storyboard in Resources */,
			);
			runOnlyForDeploymentPostprocessing = 0;
		};
		189BAD6E1ECEABD900620F0C /* Resources */ = {
			isa = PBXResourcesBuildPhase;
			buildActionMask = 2147483647;
			files = (
			);
			runOnlyForDeploymentPostprocessing = 0;
		};
		189BAD791ECEABD900620F0C /* Resources */ = {
			isa = PBXResourcesBuildPhase;
			buildActionMask = 2147483647;
			files = (
			);
			runOnlyForDeploymentPostprocessing = 0;
		};
/* End PBXResourcesBuildPhase section */

/* Begin PBXShellScriptBuildPhase section */
		12872FB58C9160842059125B /* [CP] Copy Pods Resources */ = {
			isa = PBXShellScriptBuildPhase;
			buildActionMask = 2147483647;
			files = (
			);
			inputPaths = (
			);
			name = "[CP] Copy Pods Resources";
			outputPaths = (
			);
			runOnlyForDeploymentPostprocessing = 0;
			shellPath = /bin/sh;
			shellScript = "\"${SRCROOT}/Pods/Target Support Files/Pods-FireBaseRemote/Pods-FireBaseRemote-resources.sh\"\n";
			showEnvVarsInLog = 0;
		};
		25C37DCDE2973AB5CFE788FA /* [CP] Check Pods Manifest.lock */ = {
			isa = PBXShellScriptBuildPhase;
			buildActionMask = 2147483647;
			files = (
			);
			inputPaths = (
			);
			name = "[CP] Check Pods Manifest.lock";
			outputPaths = (
			);
			runOnlyForDeploymentPostprocessing = 0;
			shellPath = /bin/sh;
			shellScript = "diff \"${PODS_ROOT}/../Podfile.lock\" \"${PODS_ROOT}/Manifest.lock\" > /dev/null\nif [[ $? != 0 ]] ; then\n    cat << EOM\nerror: The sandbox is not in sync with the Podfile.lock. Run 'pod install' or update your CocoaPods installation.\nEOM\n    exit 1\nfi\n";
			showEnvVarsInLog = 0;
		};
		6140493D8E76BBC9A8F030E9 /* [CP] Embed Pods Frameworks */ = {
			isa = PBXShellScriptBuildPhase;
			buildActionMask = 2147483647;
			files = (
			);
			inputPaths = (
			);
			name = "[CP] Embed Pods Frameworks";
			outputPaths = (
			);
			runOnlyForDeploymentPostprocessing = 0;
			shellPath = /bin/sh;
			shellScript = "\"${SRCROOT}/Pods/Target Support Files/Pods-FireBaseRemoteTests/Pods-FireBaseRemoteTests-frameworks.sh\"\n";
			showEnvVarsInLog = 0;
		};
		98945D53C75008A5F520E5F8 /* [CP] Check Pods Manifest.lock */ = {
			isa = PBXShellScriptBuildPhase;
			buildActionMask = 2147483647;
			files = (
			);
			inputPaths = (
			);
			name = "[CP] Check Pods Manifest.lock";
			outputPaths = (
			);
			runOnlyForDeploymentPostprocessing = 0;
			shellPath = /bin/sh;
			shellScript = "diff \"${PODS_ROOT}/../Podfile.lock\" \"${PODS_ROOT}/Manifest.lock\" > /dev/null\nif [[ $? != 0 ]] ; then\n    cat << EOM\nerror: The sandbox is not in sync with the Podfile.lock. Run 'pod install' or update your CocoaPods installation.\nEOM\n    exit 1\nfi\n";
			showEnvVarsInLog = 0;
		};
		9BDFCAA7AF2A381FBA33DE0C /* [CP] Check Pods Manifest.lock */ = {
			isa = PBXShellScriptBuildPhase;
			buildActionMask = 2147483647;
			files = (
			);
			inputPaths = (
			);
			name = "[CP] Check Pods Manifest.lock";
			outputPaths = (
			);
			runOnlyForDeploymentPostprocessing = 0;
			shellPath = /bin/sh;
			shellScript = "diff \"${PODS_ROOT}/../Podfile.lock\" \"${PODS_ROOT}/Manifest.lock\" > /dev/null\nif [[ $? != 0 ]] ; then\n    cat << EOM\nerror: The sandbox is not in sync with the Podfile.lock. Run 'pod install' or update your CocoaPods installation.\nEOM\n    exit 1\nfi\n";
			showEnvVarsInLog = 0;
		};
		A5E41E5D8AE6E6F72D97759F /* [CP] Copy Pods Resources */ = {
			isa = PBXShellScriptBuildPhase;
			buildActionMask = 2147483647;
			files = (
			);
			inputPaths = (
			);
			name = "[CP] Copy Pods Resources";
			outputPaths = (
			);
			runOnlyForDeploymentPostprocessing = 0;
			shellPath = /bin/sh;
			shellScript = "\"${SRCROOT}/Pods/Target Support Files/Pods-FireBaseRemoteUITests/Pods-FireBaseRemoteUITests-resources.sh\"\n";
			showEnvVarsInLog = 0;
		};
		DD5939AC40DD3FA4BC934069 /* [CP] Embed Pods Frameworks */ = {
			isa = PBXShellScriptBuildPhase;
			buildActionMask = 2147483647;
			files = (
			);
			inputPaths = (
			);
			name = "[CP] Embed Pods Frameworks";
			outputPaths = (
			);
			runOnlyForDeploymentPostprocessing = 0;
			shellPath = /bin/sh;
			shellScript = "\"${SRCROOT}/Pods/Target Support Files/Pods-FireBaseRemote/Pods-FireBaseRemote-frameworks.sh\"\n";
			showEnvVarsInLog = 0;
		};
		F43DD43CA72A069C955B811C /* [CP] Copy Pods Resources */ = {
			isa = PBXShellScriptBuildPhase;
			buildActionMask = 2147483647;
			files = (
			);
			inputPaths = (
			);
			name = "[CP] Copy Pods Resources";
			outputPaths = (
			);
			runOnlyForDeploymentPostprocessing = 0;
			shellPath = /bin/sh;
			shellScript = "\"${SRCROOT}/Pods/Target Support Files/Pods-FireBaseRemoteTests/Pods-FireBaseRemoteTests-resources.sh\"\n";
			showEnvVarsInLog = 0;
		};
/* End PBXShellScriptBuildPhase section */

/* Begin PBXSourcesBuildPhase section */
		189BAD581ECEABD900620F0C /* Sources */ = {
			isa = PBXSourcesBuildPhase;
			buildActionMask = 2147483647;
			files = (
				189BAD621ECEABD900620F0C /* ViewController.swift in Sources */,
				189BAD601ECEABD900620F0C /* AppDelegate.swift in Sources */,
				189BAD901ECECF4700620F0C /* RCValues .swift in Sources */,
			);
			runOnlyForDeploymentPostprocessing = 0;
		};
		189BAD6C1ECEABD900620F0C /* Sources */ = {
			isa = PBXSourcesBuildPhase;
			buildActionMask = 2147483647;
			files = (
				189BAD751ECEABD900620F0C /* FireBaseRemoteTests.swift in Sources */,
			);
			runOnlyForDeploymentPostprocessing = 0;
		};
		189BAD771ECEABD900620F0C /* Sources */ = {
			isa = PBXSourcesBuildPhase;
			buildActionMask = 2147483647;
			files = (
				189BAD801ECEABD900620F0C /* FireBaseRemoteUITests.swift in Sources */,
			);
			runOnlyForDeploymentPostprocessing = 0;
		};
/* End PBXSourcesBuildPhase section */

/* Begin PBXTargetDependency section */
		189BAD721ECEABD900620F0C /* PBXTargetDependency */ = {
			isa = PBXTargetDependency;
			target = 189BAD5B1ECEABD900620F0C /* FireBaseRemote */;
			targetProxy = 189BAD711ECEABD900620F0C /* PBXContainerItemProxy */;
		};
		189BAD7D1ECEABD900620F0C /* PBXTargetDependency */ = {
			isa = PBXTargetDependency;
			target = 189BAD5B1ECEABD900620F0C /* FireBaseRemote */;
			targetProxy = 189BAD7C1ECEABD900620F0C /* PBXContainerItemProxy */;
		};
/* End PBXTargetDependency section */

/* Begin PBXVariantGroup section */
		189BAD631ECEABD900620F0C /* Main.storyboard */ = {
			isa = PBXVariantGroup;
			children = (
				189BAD641ECEABD900620F0C /* Base */,
			);
			name = Main.storyboard;
			sourceTree = "<group>";
		};
		189BAD681ECEABD900620F0C /* LaunchScreen.storyboard */ = {
			isa = PBXVariantGroup;
			children = (
				189BAD691ECEABD900620F0C /* Base */,
			);
			name = LaunchScreen.storyboard;
			sourceTree = "<group>";
		};
/* End PBXVariantGroup section */

/* Begin XCBuildConfiguration section */
		189BAD821ECEABD900620F0C /* Debug */ = {
			isa = XCBuildConfiguration;
			buildSettings = {
				ALWAYS_SEARCH_USER_PATHS = NO;
				CLANG_ANALYZER_NONNULL = YES;
				CLANG_ANALYZER_NUMBER_OBJECT_CONVERSION = YES_AGGRESSIVE;
				CLANG_CXX_LANGUAGE_STANDARD = "gnu++0x";
				CLANG_CXX_LIBRARY = "libc++";
				CLANG_ENABLE_MODULES = YES;
				CLANG_ENABLE_OBJC_ARC = YES;
				CLANG_WARN_BOOL_CONVERSION = YES;
				CLANG_WARN_CONSTANT_CONVERSION = YES;
				CLANG_WARN_DIRECT_OBJC_ISA_USAGE = YES_ERROR;
				CLANG_WARN_DOCUMENTATION_COMMENTS = YES;
				CLANG_WARN_EMPTY_BODY = YES;
				CLANG_WARN_ENUM_CONVERSION = YES;
				CLANG_WARN_INFINITE_RECURSION = YES;
				CLANG_WARN_INT_CONVERSION = YES;
				CLANG_WARN_OBJC_ROOT_CLASS = YES_ERROR;
				CLANG_WARN_SUSPICIOUS_MOVE = YES;
				CLANG_WARN_UNREACHABLE_CODE = YES;
				CLANG_WARN__DUPLICATE_METHOD_MATCH = YES;
				"CODE_SIGN_IDENTITY[sdk=iphoneos*]" = "iPhone Developer";
				COPY_PHASE_STRIP = NO;
				DEBUG_INFORMATION_FORMAT = dwarf;
				ENABLE_STRICT_OBJC_MSGSEND = YES;
				ENABLE_TESTABILITY = YES;
				GCC_C_LANGUAGE_STANDARD = gnu99;
				GCC_DYNAMIC_NO_PIC = NO;
				GCC_NO_COMMON_BLOCKS = YES;
				GCC_OPTIMIZATION_LEVEL = 0;
				GCC_PREPROCESSOR_DEFINITIONS = (
					"DEBUG=1",
					"$(inherited)",
				);
				GCC_WARN_64_TO_32_BIT_CONVERSION = YES;
				GCC_WARN_ABOUT_RETURN_TYPE = YES_ERROR;
				GCC_WARN_UNDECLARED_SELECTOR = YES;
				GCC_WARN_UNINITIALIZED_AUTOS = YES_AGGRESSIVE;
				GCC_WARN_UNUSED_FUNCTION = YES;
				GCC_WARN_UNUSED_VARIABLE = YES;
				IPHONEOS_DEPLOYMENT_TARGET = 10.3;
				MTL_ENABLE_DEBUG_INFO = YES;
				ONLY_ACTIVE_ARCH = YES;
				SDKROOT = iphoneos;
				SWIFT_ACTIVE_COMPILATION_CONDITIONS = DEBUG;
				SWIFT_OPTIMIZATION_LEVEL = "-Onone";
				TARGETED_DEVICE_FAMILY = "1,2";
			};
			name = Debug;
		};
		189BAD831ECEABD900620F0C /* Release */ = {
			isa = XCBuildConfiguration;
			buildSettings = {
				ALWAYS_SEARCH_USER_PATHS = NO;
				CLANG_ANALYZER_NONNULL = YES;
				CLANG_ANALYZER_NUMBER_OBJECT_CONVERSION = YES_AGGRESSIVE;
				CLANG_CXX_LANGUAGE_STANDARD = "gnu++0x";
				CLANG_CXX_LIBRARY = "libc++";
				CLANG_ENABLE_MODULES = YES;
				CLANG_ENABLE_OBJC_ARC = YES;
				CLANG_WARN_BOOL_CONVERSION = YES;
				CLANG_WARN_CONSTANT_CONVERSION = YES;
				CLANG_WARN_DIRECT_OBJC_ISA_USAGE = YES_ERROR;
				CLANG_WARN_DOCUMENTATION_COMMENTS = YES;
				CLANG_WARN_EMPTY_BODY = YES;
				CLANG_WARN_ENUM_CONVERSION = YES;
				CLANG_WARN_INFINITE_RECURSION = YES;
				CLANG_WARN_INT_CONVERSION = YES;
				CLANG_WARN_OBJC_ROOT_CLASS = YES_ERROR;
				CLANG_WARN_SUSPICIOUS_MOVE = YES;
				CLANG_WARN_UNREACHABLE_CODE = YES;
				CLANG_WARN__DUPLICATE_METHOD_MATCH = YES;
				"CODE_SIGN_IDENTITY[sdk=iphoneos*]" = "iPhone Developer";
				COPY_PHASE_STRIP = NO;
				DEBUG_INFORMATION_FORMAT = "dwarf-with-dsym";
				ENABLE_NS_ASSERTIONS = NO;
				ENABLE_STRICT_OBJC_MSGSEND = YES;
				GCC_C_LANGUAGE_STANDARD = gnu99;
				GCC_NO_COMMON_BLOCKS = YES;
				GCC_WARN_64_TO_32_BIT_CONVERSION = YES;
				GCC_WARN_ABOUT_RETURN_TYPE = YES_ERROR;
				GCC_WARN_UNDECLARED_SELECTOR = YES;
				GCC_WARN_UNINITIALIZED_AUTOS = YES_AGGRESSIVE;
				GCC_WARN_UNUSED_FUNCTION = YES;
				GCC_WARN_UNUSED_VARIABLE = YES;
				IPHONEOS_DEPLOYMENT_TARGET = 10.3;
				MTL_ENABLE_DEBUG_INFO = NO;
				SDKROOT = iphoneos;
				SWIFT_OPTIMIZATION_LEVEL = "-Owholemodule";
				TARGETED_DEVICE_FAMILY = "1,2";
				VALIDATE_PRODUCT = YES;
			};
			name = Release;
		};
		189BAD851ECEABD900620F0C /* Debug */ = {
			isa = XCBuildConfiguration;
			baseConfigurationReference = 4B435EB38790E68E38057DCD /* Pods-FireBaseRemote.debug.xcconfig */;
			buildSettings = {
				ASSETCATALOG_COMPILER_APPICON_NAME = AppIcon;
				DEVELOPMENT_TEAM = 6F43475LVW;
				INFOPLIST_FILE = FireBaseRemote/Info.plist;
				IPHONEOS_DEPLOYMENT_TARGET = 8.4;
				LD_RUNPATH_SEARCH_PATHS = "$(inherited) @executable_path/Frameworks";
				PRODUCT_BUNDLE_IDENTIFIER = com.tdcm.FireBaseRemote;
				PRODUCT_NAME = "$(TARGET_NAME)";
				SWIFT_VERSION = 3.0;
			};
			name = Debug;
		};
		189BAD861ECEABD900620F0C /* Release */ = {
			isa = XCBuildConfiguration;
			baseConfigurationReference = B94188F0E7AC4824E8E8C676 /* Pods-FireBaseRemote.release.xcconfig */;
			buildSettings = {
				ASSETCATALOG_COMPILER_APPICON_NAME = AppIcon;
				DEVELOPMENT_TEAM = 6F43475LVW;
				INFOPLIST_FILE = FireBaseRemote/Info.plist;
				IPHONEOS_DEPLOYMENT_TARGET = 8.4;
				LD_RUNPATH_SEARCH_PATHS = "$(inherited) @executable_path/Frameworks";
				PRODUCT_BUNDLE_IDENTIFIER = com.tdcm.FireBaseRemote;
				PRODUCT_NAME = "$(TARGET_NAME)";
				SWIFT_VERSION = 3.0;
			};
			name = Release;
		};
		189BAD881ECEABD900620F0C /* Debug */ = {
			isa = XCBuildConfiguration;
			baseConfigurationReference = 090B7BD0B89ADC016BD93C2E /* Pods-FireBaseRemoteTests.debug.xcconfig */;
			buildSettings = {
				ALWAYS_EMBED_SWIFT_STANDARD_LIBRARIES = YES;
				BUNDLE_LOADER = "$(TEST_HOST)";
				DEVELOPMENT_TEAM = URHSD5QZUA;
				INFOPLIST_FILE = FireBaseRemoteTests/Info.plist;
				LD_RUNPATH_SEARCH_PATHS = "$(inherited) @executable_path/Frameworks @loader_path/Frameworks";
				PRODUCT_BUNDLE_IDENTIFIER = com.tdcm.FireBaseRemoteTests;
				PRODUCT_NAME = "$(TARGET_NAME)";
				SWIFT_VERSION = 3.0;
				TEST_HOST = "$(BUILT_PRODUCTS_DIR)/FireBaseRemote.app/FireBaseRemote";
			};
			name = Debug;
		};
		189BAD891ECEABD900620F0C /* Release */ = {
			isa = XCBuildConfiguration;
			baseConfigurationReference = E9D04BFD84937B00A1F05035 /* Pods-FireBaseRemoteTests.release.xcconfig */;
			buildSettings = {
				ALWAYS_EMBED_SWIFT_STANDARD_LIBRARIES = YES;
				BUNDLE_LOADER = "$(TEST_HOST)";
				DEVELOPMENT_TEAM = URHSD5QZUA;
				INFOPLIST_FILE = FireBaseRemoteTests/Info.plist;
				LD_RUNPATH_SEARCH_PATHS = "$(inherited) @executable_path/Frameworks @loader_path/Frameworks";
				PRODUCT_BUNDLE_IDENTIFIER = com.tdcm.FireBaseRemoteTests;
				PRODUCT_NAME = "$(TARGET_NAME)";
				SWIFT_VERSION = 3.0;
				TEST_HOST = "$(BUILT_PRODUCTS_DIR)/FireBaseRemote.app/FireBaseRemote";
			};
			name = Release;
		};
		189BAD8B1ECEABD900620F0C /* Debug */ = {
			isa = XCBuildConfiguration;
			baseConfigurationReference = 9FA110D3C7DC6E6AB3DD55DA /* Pods-FireBaseRemoteUITests.debug.xcconfig */;
			buildSettings = {
				ALWAYS_EMBED_SWIFT_STANDARD_LIBRARIES = YES;
				DEVELOPMENT_TEAM = URHSD5QZUA;
				INFOPLIST_FILE = FireBaseRemoteUITests/Info.plist;
				LD_RUNPATH_SEARCH_PATHS = "$(inherited) @executable_path/Frameworks @loader_path/Frameworks";
				PRODUCT_BUNDLE_IDENTIFIER = com.tdcm.FireBaseRemoteUITests;
				PRODUCT_NAME = "$(TARGET_NAME)";
				SWIFT_VERSION = 3.0;
				TEST_TARGET_NAME = FireBaseRemote;
			};
			name = Debug;
		};
		189BAD8C1ECEABD900620F0C /* Release */ = {
			isa = XCBuildConfiguration;
			baseConfigurationReference = 3653F61FD5CAD2CD97A227B4 /* Pods-FireBaseRemoteUITests.release.xcconfig */;
			buildSettings = {
				ALWAYS_EMBED_SWIFT_STANDARD_LIBRARIES = YES;
				DEVELOPMENT_TEAM = URHSD5QZUA;
				INFOPLIST_FILE = FireBaseRemoteUITests/Info.plist;
				LD_RUNPATH_SEARCH_PATHS = "$(inherited) @executable_path/Frameworks @loader_path/Frameworks";
				PRODUCT_BUNDLE_IDENTIFIER = com.tdcm.FireBaseRemoteUITests;
				PRODUCT_NAME = "$(TARGET_NAME)";
				SWIFT_VERSION = 3.0;
				TEST_TARGET_NAME = FireBaseRemote;
			};
			name = Release;
		};
/* End XCBuildConfiguration section */

/* Begin XCConfigurationList section */
		189BAD571ECEABD900620F0C /* Build configuration list for PBXProject "FireBaseRemote" */ = {
			isa = XCConfigurationList;
			buildConfigurations = (
				189BAD821ECEABD900620F0C /* Debug */,
				189BAD831ECEABD900620F0C /* Release */,
			);
			defaultConfigurationIsVisible = 0;
			defaultConfigurationName = Release;
		};
		189BAD841ECEABD900620F0C /* Build configuration list for PBXNativeTarget "FireBaseRemote" */ = {
			isa = XCConfigurationList;
			buildConfigurations = (
				189BAD851ECEABD900620F0C /* Debug */,
				189BAD861ECEABD900620F0C /* Release */,
			);
			defaultConfigurationIsVisible = 0;
			defaultConfigurationName = Release;
		};
		189BAD871ECEABD900620F0C /* Build configuration list for PBXNativeTarget "FireBaseRemoteTests" */ = {
			isa = XCConfigurationList;
			buildConfigurations = (
				189BAD881ECEABD900620F0C /* Debug */,
				189BAD891ECEABD900620F0C /* Release */,
			);
			defaultConfigurationIsVisible = 0;
			defaultConfigurationName = Release;
		};
		189BAD8A1ECEABD900620F0C /* Build configuration list for PBXNativeTarget "FireBaseRemoteUITests" */ = {
			isa = XCConfigurationList;
			buildConfigurations = (
				189BAD8B1ECEABD900620F0C /* Debug */,
				189BAD8C1ECEABD900620F0C /* Release */,
			);
			defaultConfigurationIsVisible = 0;
			defaultConfigurationName = Release;
		};
/* End XCConfigurationList section */
	};
	rootObject = 189BAD541ECEABD900620F0C /* Project object */;
}
